
Microsoft Visual Studio Solution File, Format Version 12.00
# Visual Studio Version 17
VisualStudioVersion = 17.11.35312.102
MinimumVisualStudioVersion = 10.0.40219.1
Project("{FAE04EC0-301F-11D3-BF4B-00C04F79EFBC}") = "RaceSimulator", "RaceSimulator\RaceSimulator.csproj", "{AA121539-FBB5-46DE-8DE5-A48950C85125}"
EndProject
Global
	GlobalSection(SolutionConfigurationPlatforms) = preSolution
		Debug|Any CPU = Debug|Any CPU
		Release|Any CPU = Release|Any CPU
	EndGlobalSection
	GlobalSection(ProjectConfigurationPlatforms) = postSolution
		{AA121539-FBB5-46DE-8DE5-A48950C85125}.Debug|Any CPU.ActiveCfg = Debug|Any CPU
		{AA121539-FBB5-46DE-8DE5-A48950C85125}.Debug|Any CPU.Build.0 = Debug|Any CPU
		{AA121539-FBB5-46DE-8DE5-A48950C85125}.Release|Any CPU.ActiveCfg = Release|Any CPU
		{AA121539-FBB5-46DE-8DE5-A48950C85125}.Release|Any CPU.Build.0 = Release|Any CPU
	EndGlobalSection
	GlobalSection(SolutionProperties) = preSolution
		HideSolutionNode = FALSE
	EndGlobalSection
	GlobalSection(ExtensibilityGlobals) = postSolution
		SolutionGuid = {8B9AF54E-1DFC-42BD-8244-E1A9CCD5622E}
	EndGlobalSection
EndGlobal
